// !$*UTF8*$!
{
	archiveVersion = 1;
	classes = {
	};
	objectVersion = 48;
	objects = {

/* Begin PBXBuildFile section */
		29C5A4B1A700F4298DA0935D /* Pods_YNSwiftThirdPartyLearn.framework in Frameworks */ = {isa = PBXBuildFile; fileRef = 972E61A964EE6457F50E40ED /* Pods_YNSwiftThirdPartyLearn.framework */; };
		2E318F33202AF1B900914E96 /* AppDelegate.swift in Sources */ = {isa = PBXBuildFile; fileRef = 2E318F32202AF1B900914E96 /* AppDelegate.swift */; };
		2E318F35202AF1B900914E96 /* ViewController.swift in Sources */ = {isa = PBXBuildFile; fileRef = 2E318F34202AF1B900914E96 /* ViewController.swift */; };
		2E318F38202AF1B900914E96 /* Main.storyboard in Resources */ = {isa = PBXBuildFile; fileRef = 2E318F36202AF1B900914E96 /* Main.storyboard */; };
		2E318F3A202AF1B900914E96 /* Assets.xcassets in Resources */ = {isa = PBXBuildFile; fileRef = 2E318F39202AF1B900914E96 /* Assets.xcassets */; };
		2E318F3D202AF1B900914E96 /* LaunchScreen.storyboard in Resources */ = {isa = PBXBuildFile; fileRef = 2E318F3B202AF1B900914E96 /* LaunchScreen.storyboard */; };
		2E318F48202AF1B900914E96 /* YNSwiftThirdPartyLearnTests.swift in Sources */ = {isa = PBXBuildFile; fileRef = 2E318F47202AF1B900914E96 /* YNSwiftThirdPartyLearnTests.swift */; };
		2E318F53202AF1B900914E96 /* YNSwiftThirdPartyLearnUITests.swift in Sources */ = {isa = PBXBuildFile; fileRef = 2E318F52202AF1B900914E96 /* YNSwiftThirdPartyLearnUITests.swift */; };
/* End PBXBuildFile section */

/* Begin PBXContainerItemProxy section */
		2E318F44202AF1B900914E96 /* PBXContainerItemProxy */ = {
			isa = PBXContainerItemProxy;
			containerPortal = 2E318F27202AF1B900914E96 /* Project object */;
			proxyType = 1;
			remoteGlobalIDString = 2E318F2E202AF1B900914E96;
			remoteInfo = YNSwiftThirdPartyLearn;
		};
		2E318F4F202AF1B900914E96 /* PBXContainerItemProxy */ = {
			isa = PBXContainerItemProxy;
			containerPortal = 2E318F27202AF1B900914E96 /* Project object */;
			proxyType = 1;
			remoteGlobalIDString = 2E318F2E202AF1B900914E96;
			remoteInfo = YNSwiftThirdPartyLearn;
		};
/* End PBXContainerItemProxy section */

/* Begin PBXFileReference section */
		2B244D9CFB948FD2F2576FB9 /* Pods-YNSwiftThirdPartyLearn.release.xcconfig */ = {isa = PBXFileReference; includeInIndex = 1; lastKnownFileType = text.xcconfig; name = "Pods-YNSwiftThirdPartyLearn.release.xcconfig"; path = "Pods/Target Support Files/Pods-YNSwiftThirdPartyLearn/Pods-YNSwiftThirdPartyLearn.release.xcconfig"; sourceTree = "<group>"; };
		2E318F2F202AF1B900914E96 /* YNSwiftThirdPartyLearn.app */ = {isa = PBXFileReference; explicitFileType = wrapper.application; includeInIndex = 0; path = YNSwiftThirdPartyLearn.app; sourceTree = BUILT_PRODUCTS_DIR; };
		2E318F32202AF1B900914E96 /* AppDelegate.swift */ = {isa = PBXFileReference; lastKnownFileType = sourcecode.swift; path = AppDelegate.swift; sourceTree = "<group>"; };
		2E318F34202AF1B900914E96 /* ViewController.swift */ = {isa = PBXFileReference; lastKnownFileType = sourcecode.swift; path = ViewController.swift; sourceTree = "<group>"; };
		2E318F37202AF1B900914E96 /* Base */ = {isa = PBXFileReference; lastKnownFileType = file.storyboard; name = Base; path = Base.lproj/Main.storyboard; sourceTree = "<group>"; };
		2E318F39202AF1B900914E96 /* Assets.xcassets */ = {isa = PBXFileReference; lastKnownFileType = folder.assetcatalog; path = Assets.xcassets; sourceTree = "<group>"; };
		2E318F3C202AF1B900914E96 /* Base */ = {isa = PBXFileReference; lastKnownFileType = file.storyboard; name = Base; path = Base.lproj/LaunchScreen.storyboard; sourceTree = "<group>"; };
		2E318F3E202AF1B900914E96 /* Info.plist */ = {isa = PBXFileReference; lastKnownFileType = text.plist.xml; path = Info.plist; sourceTree = "<group>"; };
		2E318F43202AF1B900914E96 /* YNSwiftThirdPartyLearnTests.xctest */ = {isa = PBXFileReference; explicitFileType = wrapper.cfbundle; includeInIndex = 0; path = YNSwiftThirdPartyLearnTests.xctest; sourceTree = BUILT_PRODUCTS_DIR; };
		2E318F47202AF1B900914E96 /* YNSwiftThirdPartyLearnTests.swift */ = {isa = PBXFileReference; lastKnownFileType = sourcecode.swift; path = YNSwiftThirdPartyLearnTests.swift; sourceTree = "<group>"; };
		2E318F49202AF1B900914E96 /* Info.plist */ = {isa = PBXFileReference; lastKnownFileType = text.plist.xml; path = Info.plist; sourceTree = "<group>"; };
		2E318F4E202AF1B900914E96 /* YNSwiftThirdPartyLearnUITests.xctest */ = {isa = PBXFileReference; explicitFileType = wrapper.cfbundle; includeInIndex = 0; path = YNSwiftThirdPartyLearnUITests.xctest; sourceTree = BUILT_PRODUCTS_DIR; };
		2E318F52202AF1B900914E96 /* YNSwiftThirdPartyLearnUITests.swift */ = {isa = PBXFileReference; lastKnownFileType = sourcecode.swift; path = YNSwiftThirdPartyLearnUITests.swift; sourceTree = "<group>"; };
		2E318F54202AF1B900914E96 /* Info.plist */ = {isa = PBXFileReference; lastKnownFileType = text.plist.xml; path = Info.plist; sourceTree = "<group>"; };
		4E384708988B0BBFD31C3417 /* Pods-YNSwiftThirdPartyLearn.debug.xcconfig */ = {isa = PBXFileReference; includeInIndex = 1; lastKnownFileType = text.xcconfig; name = "Pods-YNSwiftThirdPartyLearn.debug.xcconfig"; path = "Pods/Target Support Files/Pods-YNSwiftThirdPartyLearn/Pods-YNSwiftThirdPartyLearn.debug.xcconfig"; sourceTree = "<group>"; };
		972E61A964EE6457F50E40ED /* Pods_YNSwiftThirdPartyLearn.framework */ = {isa = PBXFileReference; explicitFileType = wrapper.framework; includeInIndex = 0; path = Pods_YNSwiftThirdPartyLearn.framework; sourceTree = BUILT_PRODUCTS_DIR; };
/* End PBXFileReference section */

/* Begin PBXFrameworksBuildPhase section */
		2E318F2C202AF1B900914E96 /* Frameworks */ = {
			isa = PBXFrameworksBuildPhase;
			buildActionMask = 2147483647;
			files = (
				29C5A4B1A700F4298DA0935D /* Pods_YNSwiftThirdPartyLearn.framework in Frameworks */,
			);
			runOnlyForDeploymentPostprocessing = 0;
		};
		2E318F40202AF1B900914E96 /* Frameworks */ = {
			isa = PBXFrameworksBuildPhase;
			buildActionMask = 2147483647;
			files = (
			);
			runOnlyForDeploymentPostprocessing = 0;
		};
		2E318F4B202AF1B900914E96 /* Frameworks */ = {
			isa = PBXFrameworksBuildPhase;
			buildActionMask = 2147483647;
			files = (
			);
			runOnlyForDeploymentPostprocessing = 0;
		};
/* End PBXFrameworksBuildPhase section */

/* Begin PBXGroup section */
		2E318F26202AF1B900914E96 = {
			isa = PBXGroup;
			children = (
				2E318F31202AF1B900914E96 /* YNSwiftThirdPartyLearn */,
				2E318F46202AF1B900914E96 /* YNSwiftThirdPartyLearnTests */,
				2E318F51202AF1B900914E96 /* YNSwiftThirdPartyLearnUITests */,
				2E318F30202AF1B900914E96 /* Products */,
				F1C1F1AF716FCA1E89C40795 /* Pods */,
				DEB0D6A1505EC0C53BC07B9B /* Frameworks */,
			);
			sourceTree = "<group>";
		};
		2E318F30202AF1B900914E96 /* Products */ = {
			isa = PBXGroup;
			children = (
				2E318F2F202AF1B900914E96 /* YNSwiftThirdPartyLearn.app */,
				2E318F43202AF1B900914E96 /* YNSwiftThirdPartyLearnTests.xctest */,
				2E318F4E202AF1B900914E96 /* YNSwiftThirdPartyLearnUITests.xctest */,
			);
			name = Products;
			sourceTree = "<group>";
		};
		2E318F31202AF1B900914E96 /* YNSwiftThirdPartyLearn */ = {
			isa = PBXGroup;
			children = (
				2E318F32202AF1B900914E96 /* AppDelegate.swift */,
				2E318F34202AF1B900914E96 /* ViewController.swift */,
				2E318F36202AF1B900914E96 /* Main.storyboard */,
				2E318F39202AF1B900914E96 /* Assets.xcassets */,
				2E318F3B202AF1B900914E96 /* LaunchScreen.storyboard */,
				2E318F3E202AF1B900914E96 /* Info.plist */,
			);
			path = YNSwiftThirdPartyLearn;
			sourceTree = "<group>";
		};
		2E318F46202AF1B900914E96 /* YNSwiftThirdPartyLearnTests */ = {
			isa = PBXGroup;
			children = (
				2E318F47202AF1B900914E96 /* YNSwiftThirdPartyLearnTests.swift */,
				2E318F49202AF1B900914E96 /* Info.plist */,
			);
			path = YNSwiftThirdPartyLearnTests;
			sourceTree = "<group>";
		};
		2E318F51202AF1B900914E96 /* YNSwiftThirdPartyLearnUITests */ = {
			isa = PBXGroup;
			children = (
				2E318F52202AF1B900914E96 /* YNSwiftThirdPartyLearnUITests.swift */,
				2E318F54202AF1B900914E96 /* Info.plist */,
			);
			path = YNSwiftThirdPartyLearnUITests;
			sourceTree = "<group>";
		};
		DEB0D6A1505EC0C53BC07B9B /* Frameworks */ = {
			isa = PBXGroup;
			children = (
				972E61A964EE6457F50E40ED /* Pods_YNSwiftThirdPartyLearn.framework */,
			);
			name = Frameworks;
			sourceTree = "<group>";
		};
		F1C1F1AF716FCA1E89C40795 /* Pods */ = {
			isa = PBXGroup;
			children = (
				4E384708988B0BBFD31C3417 /* Pods-YNSwiftThirdPartyLearn.debug.xcconfig */,
				2B244D9CFB948FD2F2576FB9 /* Pods-YNSwiftThirdPartyLearn.release.xcconfig */,
			);
			name = Pods;
			sourceTree = "<group>";
		};
/* End PBXGroup section */

/* Begin PBXNativeTarget section */
		2E318F2E202AF1B900914E96 /* YNSwiftThirdPartyLearn */ = {
			isa = PBXNativeTarget;
			buildConfigurationList = 2E318F57202AF1B900914E96 /* Build configuration list for PBXNativeTarget "YNSwiftThirdPartyLearn" */;
			buildPhases = (
				8DC1C8E3C3AA8C0670ACD6BA /* [CP] Check Pods Manifest.lock */,
				2E318F2B202AF1B900914E96 /* Sources */,
				2E318F2C202AF1B900914E96 /* Frameworks */,
				2E318F2D202AF1B900914E96 /* Resources */,
				5A0A35136836360F37594B2B /* [CP] Embed Pods Frameworks */,
				0AB2D22F4735221208592694 /* [CP] Copy Pods Resources */,
			);
			buildRules = (
			);
			dependencies = (
			);
			name = YNSwiftThirdPartyLearn;
			productName = YNSwiftThirdPartyLearn;
			productReference = 2E318F2F202AF1B900914E96 /* YNSwiftThirdPartyLearn.app */;
			productType = "com.apple.product-type.application";
		};
		2E318F42202AF1B900914E96 /* YNSwiftThirdPartyLearnTests */ = {
			isa = PBXNativeTarget;
			buildConfigurationList = 2E318F5A202AF1B900914E96 /* Build configuration list for PBXNativeTarget "YNSwiftThirdPartyLearnTests" */;
			buildPhases = (
				2E318F3F202AF1B900914E96 /* Sources */,
				2E318F40202AF1B900914E96 /* Frameworks */,
				2E318F41202AF1B900914E96 /* Resources */,
			);
			buildRules = (
			);
			dependencies = (
				2E318F45202AF1B900914E96 /* PBXTargetDependency */,
			);
			name = YNSwiftThirdPartyLearnTests;
			productName = YNSwiftThirdPartyLearnTests;
			productReference = 2E318F43202AF1B900914E96 /* YNSwiftThirdPartyLearnTests.xctest */;
			productType = "com.apple.product-type.bundle.unit-test";
		};
		2E318F4D202AF1B900914E96 /* YNSwiftThirdPartyLearnUITests */ = {
			isa = PBXNativeTarget;
			buildConfigurationList = 2E318F5D202AF1B900914E96 /* Build configuration list for PBXNativeTarget "YNSwiftThirdPartyLearnUITests" */;
			buildPhases = (
				2E318F4A202AF1B900914E96 /* Sources */,
				2E318F4B202AF1B900914E96 /* Frameworks */,
				2E318F4C202AF1B900914E96 /* Resources */,
			);
			buildRules = (
			);
			dependencies = (
				2E318F50202AF1B900914E96 /* PBXTargetDependency */,
			);
			name = YNSwiftThirdPartyLearnUITests;
			productName = YNSwiftThirdPartyLearnUITests;
			productReference = 2E318F4E202AF1B900914E96 /* YNSwiftThirdPartyLearnUITests.xctest */;
			productType = "com.apple.product-type.bundle.ui-testing";
		};
/* End PBXNativeTarget section */

/* Begin PBXProject section */
		2E318F27202AF1B900914E96 /* Project object */ = {
			isa = PBXProject;
			attributes = {
				LastSwiftUpdateCheck = 0920;
				LastUpgradeCheck = 0920;
				ORGANIZATIONNAME = cn.yn.swift;
				TargetAttributes = {
					2E318F2E202AF1B900914E96 = {
						CreatedOnToolsVersion = 9.2;
						ProvisioningStyle = Automatic;
					};
					2E318F42202AF1B900914E96 = {
						CreatedOnToolsVersion = 9.2;
						ProvisioningStyle = Automatic;
						TestTargetID = 2E318F2E202AF1B900914E96;
					};
					2E318F4D202AF1B900914E96 = {
						CreatedOnToolsVersion = 9.2;
						ProvisioningStyle = Automatic;
						TestTargetID = 2E318F2E202AF1B900914E96;
					};
				};
			};
			buildConfigurationList = 2E318F2A202AF1B900914E96 /* Build configuration list for PBXProject "YNSwiftThirdPartyLearn" */;
			compatibilityVersion = "Xcode 8.0";
			developmentRegion = en;
			hasScannedForEncodings = 0;
			knownRegions = (
				en,
				Base,
			);
			mainGroup = 2E318F26202AF1B900914E96;
			productRefGroup = 2E318F30202AF1B900914E96 /* Products */;
			projectDirPath = "";
			projectRoot = "";
			targets = (
				2E318F2E202AF1B900914E96 /* YNSwiftThirdPartyLearn */,
				2E318F42202AF1B900914E96 /* YNSwiftThirdPartyLearnTests */,
				2E318F4D202AF1B900914E96 /* YNSwiftThirdPartyLearnUITests */,
			);
		};
/* End PBXProject section */

/* Begin PBXResourcesBuildPhase section */
		2E318F2D202AF1B900914E96 /* Resources */ = {
			isa = PBXResourcesBuildPhase;
			buildActionMask = 2147483647;
			files = (
				2E318F3D202AF1B900914E96 /* LaunchScreen.storyboard in Resources */,
				2E318F3A202AF1B900914E96 /* Assets.xcassets in Resources */,
				2E318F38202AF1B900914E96 /* Main.storyboard in Resources */,
			);
			runOnlyForDeploymentPostprocessing = 0;
		};
		2E318F41202AF1B900914E96 /* Resources */ = {
			isa = PBXResourcesBuildPhase;
			buildActionMask = 2147483647;
			files = (
			);
			runOnlyForDeploymentPostprocessing = 0;
		};
		2E318F4C202AF1B900914E96 /* Resources */ = {
			isa = PBXResourcesBuildPhase;
			buildActionMask = 2147483647;
			files = (
			);
			runOnlyForDeploymentPostprocessing = 0;
		};
/* End PBXResourcesBuildPhase section */

/* Begin PBXShellScriptBuildPhase section */
		0AB2D22F4735221208592694 /* [CP] Copy Pods Resources */ = {
			isa = PBXShellScriptBuildPhase;
			buildActionMask = 2147483647;
			files = (
			);
			inputPaths = (
			);
			name = "[CP] Copy Pods Resources";
			outputPaths = (
			);
			runOnlyForDeploymentPostprocessing = 0;
			shellPath = /bin/sh;
			shellScript = "\"${SRCROOT}/Pods/Target Support Files/Pods-YNSwiftThirdPartyLearn/Pods-YNSwiftThirdPartyLearn-resources.sh\"\n";
			showEnvVarsInLog = 0;
		};
		5A0A35136836360F37594B2B /* [CP] Embed Pods Frameworks */ = {
			isa = PBXShellScriptBuildPhase;
			buildActionMask = 2147483647;
			files = (
			);
			inputPaths = (
				"${SRCROOT}/Pods/Target Support Files/Pods-YNSwiftThirdPartyLearn/Pods-YNSwiftThirdPartyLearn-frameworks.sh",
				"${BUILT_PRODUCTS_DIR}/Alamofire/Alamofire.framework",
				"${BUILT_PRODUCTS_DIR}/Kingfisher/Kingfisher.framework",
			);
			name = "[CP] Embed Pods Frameworks";
			outputPaths = (
				"${TARGET_BUILD_DIR}/${FRAMEWORKS_FOLDER_PATH}/Alamofire.framework",
				"${TARGET_BUILD_DIR}/${FRAMEWORKS_FOLDER_PATH}/Kingfisher.framework",
			);
			runOnlyForDeploymentPostprocessing = 0;
			shellPath = /bin/sh;
			shellScript = "\"${SRCROOT}/Pods/Target Support Files/Pods-YNSwiftThirdPartyLearn/Pods-YNSwiftThirdPartyLearn-frameworks.sh\"\n";
			showEnvVarsInLog = 0;
		};
		8DC1C8E3C3AA8C0670ACD6BA /* [CP] Check Pods Manifest.lock */ = {
			isa = PBXShellScriptBuildPhase;
			buildActionMask = 2147483647;
			files = (
			);
			inputPaths = (
				"${PODS_PODFILE_DIR_PATH}/Podfile.lock",
				"${PODS_ROOT}/Manifest.lock",
			);
			name = "[CP] Check Pods Manifest.lock";
			outputPaths = (
				"$(DERIVED_FILE_DIR)/Pods-YNSwiftThirdPartyLearn-checkManifestLockResult.txt",
			);
			runOnlyForDeploymentPostprocessing = 0;
			shellPath = /bin/sh;
			shellScript = "diff \"${PODS_PODFILE_DIR_PATH}/Podfile.lock\" \"${PODS_ROOT}/Manifest.lock\" > /dev/null\nif [ $? != 0 ] ; then\n    # print error to STDERR\n    echo \"error: The sandbox is not in sync with the Podfile.lock. Run 'pod install' or update your CocoaPods installation.\" >&2\n    exit 1\nfi\n# This output is used by Xcode 'outputs' to avoid re-running this script phase.\necho \"SUCCESS\" > \"${SCRIPT_OUTPUT_FILE_0}\"\n";
			showEnvVarsInLog = 0;
		};
/* End PBXShellScriptBuildPhase section */

/* Begin PBXSourcesBuildPhase section */
		2E318F2B202AF1B900914E96 /* Sources */ = {
			isa = PBXSourcesBuildPhase;
			buildActionMask = 2147483647;
			files = (
				2E318F35202AF1B900914E96 /* ViewController.swift in Sources */,
				2E318F33202AF1B900914E96 /* AppDelegate.swift in Sources */,
			);
			runOnlyForDeploymentPostprocessing = 0;
		};
		2E318F3F202AF1B900914E96 /* Sources */ = {
			isa = PBXSourcesBuildPhase;
			buildActionMask = 2147483647;
			files = (
				2E318F48202AF1B900914E96 /* YNSwiftThirdPartyLearnTests.swift in Sources */,
			);
			runOnlyForDeploymentPostprocessing = 0;
		};
		2E318F4A202AF1B900914E96 /* Sources */ = {
			isa = PBXSourcesBuildPhase;
			buildActionMask = 2147483647;
			files = (
				2E318F53202AF1B900914E96 /* YNSwiftThirdPartyLearnUITests.swift in Sources */,
			);
			runOnlyForDeploymentPostprocessing = 0;
		};
/* End PBXSourcesBuildPhase section */

/* Begin PBXTargetDependency section */
		2E318F45202AF1B900914E96 /* PBXTargetDependency */ = {
			isa = PBXTargetDependency;
			target = 2E318F2E202AF1B900914E96 /* YNSwiftThirdPartyLearn */;
			targetProxy = 2E318F44202AF1B900914E96 /* PBXContainerItemProxy */;
		};
		2E318F50202AF1B900914E96 /* PBXTargetDependency */ = {
			isa = PBXTargetDependency;
			target = 2E318F2E202AF1B900914E96 /* YNSwiftThirdPartyLearn */;
			targetProxy = 2E318F4F202AF1B900914E96 /* PBXContainerItemProxy */;
		};
/* End PBXTargetDependency section */

/* Begin PBXVariantGroup section */
		2E318F36202AF1B900914E96 /* Main.storyboard */ = {
			isa = PBXVariantGroup;
			children = (
				2E318F37202AF1B900914E96 /* Base */,
			);
			name = Main.storyboard;
			sourceTree = "<group>";
		};
		2E318F3B202AF1B900914E96 /* LaunchScreen.storyboard */ = {
			isa = PBXVariantGroup;
			children = (
				2E318F3C202AF1B900914E96 /* Base */,
			);
			name = LaunchScreen.storyboard;
			sourceTree = "<group>";
		};
/* End PBXVariantGroup section */

/* Begin XCBuildConfiguration section */
		2E318F55202AF1B900914E96 /* Debug */ = {
			isa = XCBuildConfiguration;
			buildSettings = {
				ALWAYS_SEARCH_USER_PATHS = NO;
				CLANG_ANALYZER_NONNULL = YES;
				CLANG_ANALYZER_NUMBER_OBJECT_CONVERSION = YES_AGGRESSIVE;
				CLANG_CXX_LANGUAGE_STANDARD = "gnu++14";
				CLANG_CXX_LIBRARY = "libc++";
				CLANG_ENABLE_MODULES = YES;
				CLANG_ENABLE_OBJC_ARC = YES;
				CLANG_WARN_BLOCK_CAPTURE_AUTORELEASING = YES;
				CLANG_WARN_BOOL_CONVERSION = YES;
				CLANG_WARN_COMMA = YES;
				CLANG_WARN_CONSTANT_CONVERSION = YES;
				CLANG_WARN_DIRECT_OBJC_ISA_USAGE = YES_ERROR;
				CLANG_WARN_DOCUMENTATION_COMMENTS = YES;
				CLANG_WARN_EMPTY_BODY = YES;
				CLANG_WARN_ENUM_CONVERSION = YES;
				CLANG_WARN_INFINITE_RECURSION = YES;
				CLANG_WARN_INT_CONVERSION = YES;
				CLANG_WARN_NON_LITERAL_NULL_CONVERSION = YES;
				CLANG_WARN_OBJC_LITERAL_CONVERSION = YES;
				CLANG_WARN_OBJC_ROOT_CLASS = YES_ERROR;
				CLANG_WARN_RANGE_LOOP_ANALYSIS = YES;
				CLANG_WARN_STRICT_PROTOTYPES = YES;
				CLANG_WARN_SUSPICIOUS_MOVE = YES;
				CLANG_WARN_UNGUARDED_AVAILABILITY = YES_AGGRESSIVE;
				CLANG_WARN_UNREACHABLE_CODE = YES;
				CLANG_WARN__DUPLICATE_METHOD_MATCH = YES;
				CODE_SIGN_IDENTITY = "iPhone Developer";
				COPY_PHASE_STRIP = NO;
				DEBUG_INFORMATION_FORMAT = dwarf;
				ENABLE_STRICT_OBJC_MSGSEND = YES;
				ENABLE_TESTABILITY = YES;
				GCC_C_LANGUAGE_STANDARD = gnu11;
				GCC_DYNAMIC_NO_PIC = NO;
				GCC_NO_COMMON_BLOCKS = YES;
				GCC_OPTIMIZATION_LEVEL = 0;
				GCC_PREPROCESSOR_DEFINITIONS = (
					"DEBUG=1",
					"$(inherited)",
				);
				GCC_WARN_64_TO_32_BIT_CONVERSION = YES;
				GCC_WARN_ABOUT_RETURN_TYPE = YES_ERROR;
				GCC_WARN_UNDECLARED_SELECTOR = YES;
				GCC_WARN_UNINITIALIZED_AUTOS = YES_AGGRESSIVE;
				GCC_WARN_UNUSED_FUNCTION = YES;
				GCC_WARN_UNUSED_VARIABLE = YES;
				IPHONEOS_DEPLOYMENT_TARGET = 11.2;
				MTL_ENABLE_DEBUG_INFO = YES;
				ONLY_ACTIVE_ARCH = YES;
				SDKROOT = iphoneos;
				SWIFT_ACTIVE_COMPILATION_CONDITIONS = DEBUG;
				SWIFT_OPTIMIZATION_LEVEL = "-Onone";
			};
			name = Debug;
		};
		2E318F56202AF1B900914E96 /* Release */ = {
			isa = XCBuildConfiguration;
			buildSettings = {
				ALWAYS_SEARCH_USER_PATHS = NO;
				CLANG_ANALYZER_NONNULL = YES;
				CLANG_ANALYZER_NUMBER_OBJECT_CONVERSION = YES_AGGRESSIVE;
				CLANG_CXX_LANGUAGE_STANDARD = "gnu++14";
				CLANG_CXX_LIBRARY = "libc++";
				CLANG_ENABLE_MODULES = YES;
				CLANG_ENABLE_OBJC_ARC = YES;
				CLANG_WARN_BLOCK_CAPTURE_AUTORELEASING = YES;
				CLANG_WARN_BOOL_CONVERSION = YES;
				CLANG_WARN_COMMA = YES;
				CLANG_WARN_CONSTANT_CONVERSION = YES;
				CLANG_WARN_DIRECT_OBJC_ISA_USAGE = YES_ERROR;
				CLANG_WARN_DOCUMENTATION_COMMENTS = YES;
				CLANG_WARN_EMPTY_BODY = YES;
				CLANG_WARN_ENUM_CONVERSION = YES;
				CLANG_WARN_INFINITE_RECURSION = YES;
				CLANG_WARN_INT_CONVERSION = YES;
				CLANG_WARN_NON_LITERAL_NULL_CONVERSION = YES;
				CLANG_WARN_OBJC_LITERAL_CONVERSION = YES;
				CLANG_WARN_OBJC_ROOT_CLASS = YES_ERROR;
				CLANG_WARN_RANGE_LOOP_ANALYSIS = YES;
				CLANG_WARN_STRICT_PROTOTYPES = YES;
				CLANG_WARN_SUSPICIOUS_MOVE = YES;
				CLANG_WARN_UNGUARDED_AVAILABILITY = YES_AGGRESSIVE;
				CLANG_WARN_UNREACHABLE_CODE = YES;
				CLANG_WARN__DUPLICATE_METHOD_MATCH = YES;
				CODE_SIGN_IDENTITY = "iPhone Developer";
				COPY_PHASE_STRIP = NO;
				DEBUG_INFORMATION_FORMAT = "dwarf-with-dsym";
				ENABLE_NS_ASSERTIONS = NO;
				ENABLE_STRICT_OBJC_MSGSEND = YES;
				GCC_C_LANGUAGE_STANDARD = gnu11;
				GCC_NO_COMMON_BLOCKS = YES;
				GCC_WARN_64_TO_32_BIT_CONVERSION = YES;
				GCC_WARN_ABOUT_RETURN_TYPE = YES_ERROR;
				GCC_WARN_UNDECLARED_SELECTOR = YES;
				GCC_WARN_UNINITIALIZED_AUTOS = YES_AGGRESSIVE;
				GCC_WARN_UNUSED_FUNCTION = YES;
				GCC_WARN_UNUSED_VARIABLE = YES;
				IPHONEOS_DEPLOYMENT_TARGET = 11.2;
				MTL_ENABLE_DEBUG_INFO = NO;
				SDKROOT = iphoneos;
				SWIFT_OPTIMIZATION_LEVEL = "-Owholemodule";
				VALIDATE_PRODUCT = YES;
			};
			name = Release;
		};
		2E318F58202AF1B900914E96 /* Debug */ = {
			isa = XCBuildConfiguration;
			baseConfigurationReference = 4E384708988B0BBFD31C3417 /* Pods-YNSwiftThirdPartyLearn.debug.xcconfig */;
			buildSettings = {
				ASSETCATALOG_COMPILER_APPICON_NAME = AppIcon;
				CODE_SIGN_STYLE = Automatic;
				DEVELOPMENT_TEAM = 3ZUHH2H7M8;
				INFOPLIST_FILE = YNSwiftThirdPartyLearn/Info.plist;
				LD_RUNPATH_SEARCH_PATHS = "$(inherited) @executable_path/Frameworks";
				PRODUCT_BUNDLE_IDENTIFIER = cn.yn.swift.Test.YNSwiftThirdPartyLearn;
				PRODUCT_NAME = "$(TARGET_NAME)";
				SWIFT_VERSION = 4.0;
				TARGETED_DEVICE_FAMILY = "1,2";
			};
			name = Debug;
		};
		2E318F59202AF1B900914E96 /* Release */ = {
			isa = XCBuildConfiguration;
			baseConfigurationReference = 2B244D9CFB948FD2F2576FB9 /* Pods-YNSwiftThirdPartyLearn.release.xcconfig */;
			buildSettings = {
				ASSETCATALOG_COMPILER_APPICON_NAME = AppIcon;
				CODE_SIGN_STYLE = Automatic;
				DEVELOPMENT_TEAM = 3ZUHH2H7M8;
				INFOPLIST_FILE = YNSwiftThirdPartyLearn/Info.plist;
				LD_RUNPATH_SEARCH_PATHS = "$(inherited) @executable_path/Frameworks";
				PRODUCT_BUNDLE_IDENTIFIER = cn.yn.swift.Test.YNSwiftThirdPartyLearn;
				PRODUCT_NAME = "$(TARGET_NAME)";
				SWIFT_VERSION = 4.0;
				TARGETED_DEVICE_FAMILY = "1,2";
			};
			name = Release;
		};
		2E318F5B202AF1B900914E96 /* Debug */ = {
			isa = XCBuildConfiguration;
			buildSettings = {
				ALWAYS_EMBED_SWIFT_STANDARD_LIBRARIES = YES;
				BUNDLE_LOADER = "$(TEST_HOST)";
				CODE_SIGN_STYLE = Automatic;
				DEVELOPMENT_TEAM = 3ZUHH2H7M8;
				INFOPLIST_FILE = YNSwiftThirdPartyLearnTests/Info.plist;
				LD_RUNPATH_SEARCH_PATHS = "$(inherited) @executable_path/Frameworks @loader_path/Frameworks";
				PRODUCT_BUNDLE_IDENTIFIER = cn.yn.swift.Test.YNSwiftThirdPartyLearnTests;
				PRODUCT_NAME = "$(TARGET_NAME)";
				SWIFT_VERSION = 4.0;
				TARGETED_DEVICE_FAMILY = "1,2";
				TEST_HOST = "$(BUILT_PRODUCTS_DIR)/YNSwiftThirdPartyLearn.app/YNSwiftThirdPartyLearn";
			};
			name = Debug;
		};
		2E318F5C202AF1B900914E96 /* Release */ = {
			isa = XCBuildConfiguration;
			buildSettings = {
				ALWAYS_EMBED_SWIFT_STANDARD_LIBRARIES = YES;
				BUNDLE_LOADER = "$(TEST_HOST)";
				CODE_SIGN_STYLE = Automatic;
				DEVELOPMENT_TEAM = 3ZUHH2H7M8;
				INFOPLIST_FILE = YNSwiftThirdPartyLearnTests/Info.plist;
				LD_RUNPATH_SEARCH_PATHS = "$(inherited) @executable_path/Frameworks @loader_path/Frameworks";
				PRODUCT_BUNDLE_IDENTIFIER = cn.yn.swift.Test.YNSwiftThirdPartyLearnTests;
				PRODUCT_NAME = "$(TARGET_NAME)";
				SWIFT_VERSION = 4.0;
				TARGETED_DEVICE_FAMILY = "1,2";
				TEST_HOST = "$(BUILT_PRODUCTS_DIR)/YNSwiftThirdPartyLearn.app/YNSwiftThirdPartyLearn";
			};
			name = Release;
		};
		2E318F5E202AF1B900914E96 /* Debug */ = {
			isa = XCBuildConfiguration;
			buildSettings = {
				ALWAYS_EMBED_SWIFT_STANDARD_LIBRARIES = YES;
				CODE_SIGN_STYLE = Automatic;
				DEVELOPMENT_TEAM = 3ZUHH2H7M8;
				INFOPLIST_FILE = YNSwiftThirdPartyLearnUITests/Info.plist;
				LD_RUNPATH_SEARCH_PATHS = "$(inherited) @executable_path/Frameworks @loader_path/Frameworks";
				PRODUCT_BUNDLE_IDENTIFIER = cn.yn.swift.Test.YNSwiftThirdPartyLearnUITests;
				PRODUCT_NAME = "$(TARGET_NAME)";
				SWIFT_VERSION = 4.0;
				TARGETED_DEVICE_FAMILY = "1,2";
				TEST_TARGET_NAME = YNSwiftThirdPartyLearn;
			};
			name = Debug;
		};
		2E318F5F202AF1B900914E96 /* Release */ = {
			isa = XCBuildConfiguration;
			buildSettings = {
				ALWAYS_EMBED_SWIFT_STANDARD_LIBRARIES = YES;
				CODE_SIGN_STYLE = Automatic;
				DEVELOPMENT_TEAM = 3ZUHH2H7M8;
				INFOPLIST_FILE = YNSwiftThirdPartyLearnUITests/Info.plist;
				LD_RUNPATH_SEARCH_PATHS = "$(inherited) @executable_path/Frameworks @loader_path/Frameworks";
				PRODUCT_BUNDLE_IDENTIFIER = cn.yn.swift.Test.YNSwiftThirdPartyLearnUITests;
				PRODUCT_NAME = "$(TARGET_NAME)";
				SWIFT_VERSION = 4.0;
				TARGETED_DEVICE_FAMILY = "1,2";
				TEST_TARGET_NAME = YNSwiftThirdPartyLearn;
			};
			name = Release;
		};
/* End XCBuildConfiguration section */

/* Begin XCConfigurationList section */
		2E318F2A202AF1B900914E96 /* Build configuration list for PBXProject "YNSwiftThirdPartyLearn" */ = {
			isa = XCConfigurationList;
			buildConfigurations = (
				2E318F55202AF1B900914E96 /* Debug */,
				2E318F56202AF1B900914E96 /* Release */,
			);
			defaultConfigurationIsVisible = 0;
			defaultConfigurationName = Release;
		};
		2E318F57202AF1B900914E96 /* Build configuration list for PBXNativeTarget "YNSwiftThirdPartyLearn" */ = {
			isa = XCConfigurationList;
			buildConfigurations = (
				2E318F58202AF1B900914E96 /* Debug */,
				2E318F59202AF1B900914E96 /* Release */,
			);
			defaultConfigurationIsVisible = 0;
			defaultConfigurationName = Release;
		};
		2E318F5A202AF1B900914E96 /* Build configuration list for PBXNativeTarget "YNSwiftThirdPartyLearnTests" */ = {
			isa = XCConfigurationList;
			buildConfigurations = (
				2E318F5B202AF1B900914E96 /* Debug */,
				2E318F5C202AF1B900914E96 /* Release */,
			);
			defaultConfigurationIsVisible = 0;
			defaultConfigurationName = Release;
		};
		2E318F5D202AF1B900914E96 /* Build configuration list for PBXNativeTarget "YNSwiftThirdPartyLearnUITests" */ = {
			isa = XCConfigurationList;
			buildConfigurations = (
				2E318F5E202AF1B900914E96 /* Debug */,
				2E318F5F202AF1B900914E96 /* Release */,
			);
			defaultConfigurationIsVisible = 0;
			defaultConfigurationName = Release;
		};
/* End XCConfigurationList section */
	};
	rootObject = 2E318F27202AF1B900914E96 /* Project object */;
}
